{
  "name": "dev-summit-2019-web-editing-with-the-js-api",
  "version": "1.0.0",
  "lockfileVersion": 1,
  "requires": true,
  "dependencies": {
    "esri-reveal.js-templates": {
      "version": "git+https://github.com/esri/reveal.js.git#2de193ab4a7c88bdb640058a8938c94335364e2a",
      "from": "git+https://github.com/esri/reveal.js.git"
    }
  }
}
